
Microsoft Visual Studio Solution File, Format Version 12.00
# Visual Studio 14
VisualStudioVersion = 14.0.25420.1
MinimumVisualStudioVersion = 10.0.40219.1
Project("{FAE04EC0-301F-11D3-BF4B-00C04F79EFBC}") = "EstruturaDemo.UI.MVC", "App\EstruturaDemo.UI.MVC\EstruturaDemo.UI.MVC.csproj", "{BC594232-070C-48B6-A890-6BB349176483}"
EndProject
Project("{FAE04EC0-301F-11D3-BF4B-00C04F79EFBC}") = "EstruturaDemo.Application", "App\EstruturaDemo.Application\EstruturaDemo.Application.csproj", "{8AD5249A-CBF3-4E4D-9377-F23BF3CC58DE}"
EndProject
Project("{FAE04EC0-301F-11D3-BF4B-00C04F79EFBC}") = "EstruturaDemo.Domain", "App\EstruturaDemo.Domain\EstruturaDemo.Domain.csproj", "{1F645F75-7752-4782-8503-099881B29E53}"
EndProject
Project("{FAE04EC0-301F-11D3-BF4B-00C04F79EFBC}") = "EstruturaDemo.Infra.Repository", "App\EstruturaDemo.Infra.Repository\EstruturaDemo.Infra.Repository.csproj", "{C9D58E5C-20D4-4D63-98F5-DF7861D42AF2}"
EndProject
Project("{FAE04EC0-301F-11D3-BF4B-00C04F79EFBC}") = "EstruturaDemo.Tests", "App\EstruturaDemo.Tests\EstruturaDemo.Tests.csproj", "{F826AE2A-0994-46FB-96E1-3433B3CFE34A}"
EndProject
Project("{2150E333-8FDC-42A3-9474-1A3956D46DE8}") = "UI", "UI", "{BE9684D9-31DD-42BD-AA1D-29D8A67324D2}"
EndProject
Project("{2150E333-8FDC-42A3-9474-1A3956D46DE8}") = "Application", "Application", "{7429D9E8-C8DC-4770-90E8-86DFECB8F0D0}"
EndProject
Project("{2150E333-8FDC-42A3-9474-1A3956D46DE8}") = "Domain", "Domain", "{62EA545C-0F97-48AD-9FD0-DDD76598396D}"
EndProject
Project("{2150E333-8FDC-42A3-9474-1A3956D46DE8}") = "infra", "infra", "{33763845-7C7C-4940-93AE-18AA9975FD84}"
EndProject
Project("{2150E333-8FDC-42A3-9474-1A3956D46DE8}") = "Tests", "Tests", "{76A6B0F5-B0DC-4039-A115-7E629A7D340D}"
EndProject
Project("{FAE04EC0-301F-11D3-BF4B-00C04F79EFBC}") = "EstruturaDemo.infra.IoC", "App\EstruturaDemo.infra.IoC\EstruturaDemo.infra.IoC.csproj", "{A763F6D8-F548-498D-BC79-782B7637AB82}"
EndProject
Global
	GlobalSection(SolutionConfigurationPlatforms) = preSolution
		Debug|Any CPU = Debug|Any CPU
		Release|Any CPU = Release|Any CPU
	EndGlobalSection
	GlobalSection(ProjectConfigurationPlatforms) = postSolution
		{BC594232-070C-48B6-A890-6BB349176483}.Debug|Any CPU.ActiveCfg = Debug|Any CPU
		{BC594232-070C-48B6-A890-6BB349176483}.Debug|Any CPU.Build.0 = Debug|Any CPU
		{BC594232-070C-48B6-A890-6BB349176483}.Release|Any CPU.ActiveCfg = Release|Any CPU
		{BC594232-070C-48B6-A890-6BB349176483}.Release|Any CPU.Build.0 = Release|Any CPU
		{8AD5249A-CBF3-4E4D-9377-F23BF3CC58DE}.Debug|Any CPU.ActiveCfg = Debug|Any CPU
		{8AD5249A-CBF3-4E4D-9377-F23BF3CC58DE}.Debug|Any CPU.Build.0 = Debug|Any CPU
		{8AD5249A-CBF3-4E4D-9377-F23BF3CC58DE}.Release|Any CPU.ActiveCfg = Release|Any CPU
		{8AD5249A-CBF3-4E4D-9377-F23BF3CC58DE}.Release|Any CPU.Build.0 = Release|Any CPU
		{1F645F75-7752-4782-8503-099881B29E53}.Debug|Any CPU.ActiveCfg = Debug|Any CPU
		{1F645F75-7752-4782-8503-099881B29E53}.Debug|Any CPU.Build.0 = Debug|Any CPU
		{1F645F75-7752-4782-8503-099881B29E53}.Release|Any CPU.ActiveCfg = Release|Any CPU
		{1F645F75-7752-4782-8503-099881B29E53}.Release|Any CPU.Build.0 = Release|Any CPU
		{C9D58E5C-20D4-4D63-98F5-DF7861D42AF2}.Debug|Any CPU.ActiveCfg = Debug|Any CPU
		{C9D58E5C-20D4-4D63-98F5-DF7861D42AF2}.Debug|Any CPU.Build.0 = Debug|Any CPU
		{C9D58E5C-20D4-4D63-98F5-DF7861D42AF2}.Release|Any CPU.ActiveCfg = Release|Any CPU
		{C9D58E5C-20D4-4D63-98F5-DF7861D42AF2}.Release|Any CPU.Build.0 = Release|Any CPU
		{F826AE2A-0994-46FB-96E1-3433B3CFE34A}.Debug|Any CPU.ActiveCfg = Debug|Any CPU
		{F826AE2A-0994-46FB-96E1-3433B3CFE34A}.Debug|Any CPU.Build.0 = Debug|Any CPU
		{F826AE2A-0994-46FB-96E1-3433B3CFE34A}.Release|Any CPU.ActiveCfg = Release|Any CPU
		{F826AE2A-0994-46FB-96E1-3433B3CFE34A}.Release|Any CPU.Build.0 = Release|Any CPU
		{A763F6D8-F548-498D-BC79-782B7637AB82}.Debug|Any CPU.ActiveCfg = Debug|Any CPU
		{A763F6D8-F548-498D-BC79-782B7637AB82}.Debug|Any CPU.Build.0 = Debug|Any CPU
		{A763F6D8-F548-498D-BC79-782B7637AB82}.Release|Any CPU.ActiveCfg = Release|Any CPU
		{A763F6D8-F548-498D-BC79-782B7637AB82}.Release|Any CPU.Build.0 = Release|Any CPU
	EndGlobalSection
	GlobalSection(SolutionProperties) = preSolution
		HideSolutionNode = FALSE
	EndGlobalSection
	GlobalSection(NestedProjects) = preSolution
		{BC594232-070C-48B6-A890-6BB349176483} = {BE9684D9-31DD-42BD-AA1D-29D8A67324D2}
		{8AD5249A-CBF3-4E4D-9377-F23BF3CC58DE} = {7429D9E8-C8DC-4770-90E8-86DFECB8F0D0}
		{1F645F75-7752-4782-8503-099881B29E53} = {62EA545C-0F97-48AD-9FD0-DDD76598396D}
		{C9D58E5C-20D4-4D63-98F5-DF7861D42AF2} = {33763845-7C7C-4940-93AE-18AA9975FD84}
		{F826AE2A-0994-46FB-96E1-3433B3CFE34A} = {76A6B0F5-B0DC-4039-A115-7E629A7D340D}
		{A763F6D8-F548-498D-BC79-782B7637AB82} = {33763845-7C7C-4940-93AE-18AA9975FD84}
	EndGlobalSection
EndGlobal
